
Microsoft Visual Studio Solution File, Format Version 12.00
# Visual Studio Version 16
VisualStudioVersion = 16.0.30204.135
MinimumVisualStudioVersion = 10.0.40219.1
Project("{8BC9CEB8-8B4A-11D0-8D11-00A0C91BC942}") = "Jungol1662", "Jungol1662.vcxproj", "{DDDF6CA8-8F4F-4D1C-A678-C391AC0E121A}"
EndProject
Global
	GlobalSection(SolutionConfigurationPlatforms) = preSolution
		Debug|x64 = Debug|x64
		Debug|x86 = Debug|x86
		Release|x64 = Release|x64
		Release|x86 = Release|x86
	EndGlobalSection
	GlobalSection(ProjectConfigurationPlatforms) = postSolution
		{DDDF6CA8-8F4F-4D1C-A678-C391AC0E121A}.Debug|x64.ActiveCfg = Debug|x64
		{DDDF6CA8-8F4F-4D1C-A678-C391AC0E121A}.Debug|x64.Build.0 = Debug|x64
		{DDDF6CA8-8F4F-4D1C-A678-C391AC0E121A}.Debug|x86.ActiveCfg = Debug|Win32
		{DDDF6CA8-8F4F-4D1C-A678-C391AC0E121A}.Debug|x86.Build.0 = Debug|Win32
		{DDDF6CA8-8F4F-4D1C-A678-C391AC0E121A}.Release|x64.ActiveCfg = Release|x64
		{DDDF6CA8-8F4F-4D1C-A678-C391AC0E121A}.Release|x64.Build.0 = Release|x64
		{DDDF6CA8-8F4F-4D1C-A678-C391AC0E121A}.Release|x86.ActiveCfg = Release|Win32
		{DDDF6CA8-8F4F-4D1C-A678-C391AC0E121A}.Release|x86.Build.0 = Release|Win32
	EndGlobalSection
	GlobalSection(SolutionProperties) = preSolution
		HideSolutionNode = FALSE
	EndGlobalSection
	GlobalSection(ExtensibilityGlobals) = postSolution
		SolutionGuid = {22D09881-2CA6-4E27-B1B5-724DE6138BF3}
	EndGlobalSection
EndGlobal
